
Microsoft Visual Studio Solution File, Format Version 12.00
Project("{FAE04EC0-301F-11D3-BF4B-00C04F79EFBC}") = "RayTracing", "RayTracing\RayTracing.csproj", "{0F0F9EBB-4D23-45A3-8A45-1913A2F27D14}"
EndProject
Project("{FAE04EC0-301F-11D3-BF4B-00C04F79EFBC}") = "RayTracing.Test", "RayTracing.Test\RayTracing.Test.csproj", "{2B60F930-2210-41B4-9402-A0E50E8AE2B7}"
EndProject
Global
	GlobalSection(SolutionConfigurationPlatforms) = preSolution
		Debug|Any CPU = Debug|Any CPU
		Release|Any CPU = Release|Any CPU
	EndGlobalSection
	GlobalSection(ProjectConfigurationPlatforms) = postSolution
		{0F0F9EBB-4D23-45A3-8A45-1913A2F27D14}.Debug|Any CPU.ActiveCfg = Debug|Any CPU
		{0F0F9EBB-4D23-45A3-8A45-1913A2F27D14}.Debug|Any CPU.Build.0 = Debug|Any CPU
		{0F0F9EBB-4D23-45A3-8A45-1913A2F27D14}.Release|Any CPU.ActiveCfg = Release|Any CPU
		{0F0F9EBB-4D23-45A3-8A45-1913A2F27D14}.Release|Any CPU.Build.0 = Release|Any CPU
		{2B60F930-2210-41B4-9402-A0E50E8AE2B7}.Debug|Any CPU.ActiveCfg = Debug|Any CPU
		{2B60F930-2210-41B4-9402-A0E50E8AE2B7}.Debug|Any CPU.Build.0 = Debug|Any CPU
		{2B60F930-2210-41B4-9402-A0E50E8AE2B7}.Release|Any CPU.ActiveCfg = Release|Any CPU
		{2B60F930-2210-41B4-9402-A0E50E8AE2B7}.Release|Any CPU.Build.0 = Release|Any CPU
	EndGlobalSection
EndGlobal
